
Microsoft Visual Studio Solution File, Format Version 12.00
# Visual Studio 15
VisualStudioVersion = 15.0.28307.1972
MinimumVisualStudioVersion = 10.0.40219.1
Project("{FAE04EC0-301F-11D3-BF4B-00C04F79EFBC}") = "FormularioSERECU", "FormularioSERECU\FormularioSERECU.csproj", "{7D64EFFE-3205-4CB3-863C-73C8B4325668}"
EndProject
Global
	GlobalSection(SolutionConfigurationPlatforms) = preSolution
		Debug|Any CPU = Debug|Any CPU
		Release|Any CPU = Release|Any CPU
	EndGlobalSection
	GlobalSection(ProjectConfigurationPlatforms) = postSolution
		{7D64EFFE-3205-4CB3-863C-73C8B4325668}.Debug|Any CPU.ActiveCfg = Debug|Any CPU
		{7D64EFFE-3205-4CB3-863C-73C8B4325668}.Debug|Any CPU.Build.0 = Debug|Any CPU
		{7D64EFFE-3205-4CB3-863C-73C8B4325668}.Release|Any CPU.ActiveCfg = Release|Any CPU
		{7D64EFFE-3205-4CB3-863C-73C8B4325668}.Release|Any CPU.Build.0 = Release|Any CPU
	EndGlobalSection
	GlobalSection(SolutionProperties) = preSolution
		HideSolutionNode = FALSE
	EndGlobalSection
	GlobalSection(ExtensibilityGlobals) = postSolution
		SolutionGuid = {315015B3-8120-4F02-9BCC-0C534E6947E3}
	EndGlobalSection
EndGlobal
